
Microsoft Visual Studio Solution File, Format Version 12.00
# Visual Studio Version 17
VisualStudioVersion = 17.4.33205.214
MinimumVisualStudioVersion = 10.0.40219.1
Project("{2150E333-8FDC-42A3-9474-1A3956D46DE8}") = "FrontEnd", "FrontEnd", "{A82259F4-85E5-4B62-A1FC-CD1A3B10B5DB}"
EndProject
Project("{2150E333-8FDC-42A3-9474-1A3956D46DE8}") = "Services", "Services", "{8544F102-5282-4DFD-8CCA-7B841811C414}"
EndProject
Project("{9A19103F-16F7-4668-BE54-9A1E7A4F7556}") = "GeekShopping.Web", "GeekShopping.Web\GeekShopping.Web.csproj", "{DB92CC06-3EC8-4730-A180-E2609EB70C04}"
EndProject
Project("{9A19103F-16F7-4668-BE54-9A1E7A4F7556}") = "GeekShopping.ProductAPI", "GeekShopping.ProductAPI\GeekShopping.ProductAPI.csproj", "{A4B4697B-85CD-4245-86EC-0A170787F1F0}"
EndProject
Project("{9A19103F-16F7-4668-BE54-9A1E7A4F7556}") = "GeekShopping.IdentityServer", "GeekShopping.IdentityServer\GeekShopping.IdentityServer.csproj", "{C51A6382-BEE9-456F-B22C-7F3F1A79D0C2}"
EndProject
Project("{9A19103F-16F7-4668-BE54-9A1E7A4F7556}") = "GeekShopping.CartAPI", "GeekShopping.CartAPI\GeekShopping.CartAPI.csproj", "{55A225D0-9719-49A1-8A17-9EE24D87B4EF}"
EndProject
Project("{9A19103F-16F7-4668-BE54-9A1E7A4F7556}") = "GeekShopping.CouponAPI", "GeekShopping.CouponAPI\GeekShopping.CouponAPI.csproj", "{36AC696A-7E37-4CBB-85E7-FB2C58A50524}"
EndProject
Project("{2150E333-8FDC-42A3-9474-1A3956D46DE8}") = "Integration", "Integration", "{9FB17142-4D76-47FF-A2A6-9B073BB1B084}"
EndProject
Project("{9A19103F-16F7-4668-BE54-9A1E7A4F7556}") = "GeekShopping.MessageBus", "GeekShopping.MessageBus\GeekShopping.MessageBus.csproj", "{12DC3569-49C3-4365-B84B-DEA7512753A7}"
EndProject
Project("{9A19103F-16F7-4668-BE54-9A1E7A4F7556}") = "GeekShopping.OrderAPI", "GeekShopping.OrderAPI\GeekShopping.OrderAPI.csproj", "{84FD40CA-BD7F-4078-9D3D-980CF48D27F4}"
EndProject
Project("{2150E333-8FDC-42A3-9474-1A3956D46DE8}") = "Payments", "Payments", "{646F54E7-0A25-4B72-AE45-5750481065A9}"
EndProject
Project("{9A19103F-16F7-4668-BE54-9A1E7A4F7556}") = "GeekShopping.PaymentProcessor", "GeekShopping.PaymentProcessor\GeekShopping.PaymentProcessor.csproj", "{F46258F8-D6B7-4175-AB5D-550715865B6B}"
EndProject
Project("{9A19103F-16F7-4668-BE54-9A1E7A4F7556}") = "GeekShopping.PaymentAPI", "GeekShopping.PaymentAPI\GeekShopping.PaymentAPI.csproj", "{9AD13A15-02E7-4821-A4DA-FEC6833E71CE}"
EndProject
Project("{FAE04EC0-301F-11D3-BF4B-00C04F79EFBC}") = "GeekShopping.Email", "GeekShopping.Email\GeekShopping.Email.csproj", "{2E008B50-A946-4296-812B-7EAD2A10F4AC}"
EndProject
Global
	GlobalSection(SolutionConfigurationPlatforms) = preSolution
		Debug|Any CPU = Debug|Any CPU
		Release|Any CPU = Release|Any CPU
	EndGlobalSection
	GlobalSection(ProjectConfigurationPlatforms) = postSolution
		{DB92CC06-3EC8-4730-A180-E2609EB70C04}.Debug|Any CPU.ActiveCfg = Debug|Any CPU
		{DB92CC06-3EC8-4730-A180-E2609EB70C04}.Debug|Any CPU.Build.0 = Debug|Any CPU
		{DB92CC06-3EC8-4730-A180-E2609EB70C04}.Release|Any CPU.ActiveCfg = Release|Any CPU
		{DB92CC06-3EC8-4730-A180-E2609EB70C04}.Release|Any CPU.Build.0 = Release|Any CPU
		{A4B4697B-85CD-4245-86EC-0A170787F1F0}.Debug|Any CPU.ActiveCfg = Debug|Any CPU
		{A4B4697B-85CD-4245-86EC-0A170787F1F0}.Debug|Any CPU.Build.0 = Debug|Any CPU
		{A4B4697B-85CD-4245-86EC-0A170787F1F0}.Release|Any CPU.ActiveCfg = Release|Any CPU
		{A4B4697B-85CD-4245-86EC-0A170787F1F0}.Release|Any CPU.Build.0 = Release|Any CPU
		{C51A6382-BEE9-456F-B22C-7F3F1A79D0C2}.Debug|Any CPU.ActiveCfg = Debug|Any CPU
		{C51A6382-BEE9-456F-B22C-7F3F1A79D0C2}.Debug|Any CPU.Build.0 = Debug|Any CPU
		{C51A6382-BEE9-456F-B22C-7F3F1A79D0C2}.Release|Any CPU.ActiveCfg = Release|Any CPU
		{C51A6382-BEE9-456F-B22C-7F3F1A79D0C2}.Release|Any CPU.Build.0 = Release|Any CPU
		{55A225D0-9719-49A1-8A17-9EE24D87B4EF}.Debug|Any CPU.ActiveCfg = Debug|Any CPU
		{55A225D0-9719-49A1-8A17-9EE24D87B4EF}.Debug|Any CPU.Build.0 = Debug|Any CPU
		{55A225D0-9719-49A1-8A17-9EE24D87B4EF}.Release|Any CPU.ActiveCfg = Release|Any CPU
		{55A225D0-9719-49A1-8A17-9EE24D87B4EF}.Release|Any CPU.Build.0 = Release|Any CPU
		{36AC696A-7E37-4CBB-85E7-FB2C58A50524}.Debug|Any CPU.ActiveCfg = Debug|Any CPU
		{36AC696A-7E37-4CBB-85E7-FB2C58A50524}.Debug|Any CPU.Build.0 = Debug|Any CPU
		{36AC696A-7E37-4CBB-85E7-FB2C58A50524}.Release|Any CPU.ActiveCfg = Release|Any CPU
		{36AC696A-7E37-4CBB-85E7-FB2C58A50524}.Release|Any CPU.Build.0 = Release|Any CPU
		{12DC3569-49C3-4365-B84B-DEA7512753A7}.Debug|Any CPU.ActiveCfg = Debug|Any CPU
		{12DC3569-49C3-4365-B84B-DEA7512753A7}.Debug|Any CPU.Build.0 = Debug|Any CPU
		{12DC3569-49C3-4365-B84B-DEA7512753A7}.Release|Any CPU.ActiveCfg = Release|Any CPU
		{12DC3569-49C3-4365-B84B-DEA7512753A7}.Release|Any CPU.Build.0 = Release|Any CPU
		{84FD40CA-BD7F-4078-9D3D-980CF48D27F4}.Debug|Any CPU.ActiveCfg = Debug|Any CPU
		{84FD40CA-BD7F-4078-9D3D-980CF48D27F4}.Debug|Any CPU.Build.0 = Debug|Any CPU
		{84FD40CA-BD7F-4078-9D3D-980CF48D27F4}.Release|Any CPU.ActiveCfg = Release|Any CPU
		{84FD40CA-BD7F-4078-9D3D-980CF48D27F4}.Release|Any CPU.Build.0 = Release|Any CPU
		{F46258F8-D6B7-4175-AB5D-550715865B6B}.Debug|Any CPU.ActiveCfg = Debug|Any CPU
		{F46258F8-D6B7-4175-AB5D-550715865B6B}.Debug|Any CPU.Build.0 = Debug|Any CPU
		{F46258F8-D6B7-4175-AB5D-550715865B6B}.Release|Any CPU.ActiveCfg = Release|Any CPU
		{F46258F8-D6B7-4175-AB5D-550715865B6B}.Release|Any CPU.Build.0 = Release|Any CPU
		{9AD13A15-02E7-4821-A4DA-FEC6833E71CE}.Debug|Any CPU.ActiveCfg = Debug|Any CPU
		{9AD13A15-02E7-4821-A4DA-FEC6833E71CE}.Debug|Any CPU.Build.0 = Debug|Any CPU
		{9AD13A15-02E7-4821-A4DA-FEC6833E71CE}.Release|Any CPU.ActiveCfg = Release|Any CPU
		{9AD13A15-02E7-4821-A4DA-FEC6833E71CE}.Release|Any CPU.Build.0 = Release|Any CPU
		{2E008B50-A946-4296-812B-7EAD2A10F4AC}.Debug|Any CPU.ActiveCfg = Debug|Any CPU
		{2E008B50-A946-4296-812B-7EAD2A10F4AC}.Debug|Any CPU.Build.0 = Debug|Any CPU
		{2E008B50-A946-4296-812B-7EAD2A10F4AC}.Release|Any CPU.ActiveCfg = Release|Any CPU
		{2E008B50-A946-4296-812B-7EAD2A10F4AC}.Release|Any CPU.Build.0 = Release|Any CPU
	EndGlobalSection
	GlobalSection(SolutionProperties) = preSolution
		HideSolutionNode = FALSE
	EndGlobalSection
	GlobalSection(NestedProjects) = preSolution
		{DB92CC06-3EC8-4730-A180-E2609EB70C04} = {A82259F4-85E5-4B62-A1FC-CD1A3B10B5DB}
		{A4B4697B-85CD-4245-86EC-0A170787F1F0} = {8544F102-5282-4DFD-8CCA-7B841811C414}
		{C51A6382-BEE9-456F-B22C-7F3F1A79D0C2} = {8544F102-5282-4DFD-8CCA-7B841811C414}
		{55A225D0-9719-49A1-8A17-9EE24D87B4EF} = {8544F102-5282-4DFD-8CCA-7B841811C414}
		{36AC696A-7E37-4CBB-85E7-FB2C58A50524} = {8544F102-5282-4DFD-8CCA-7B841811C414}
		{12DC3569-49C3-4365-B84B-DEA7512753A7} = {9FB17142-4D76-47FF-A2A6-9B073BB1B084}
		{84FD40CA-BD7F-4078-9D3D-980CF48D27F4} = {8544F102-5282-4DFD-8CCA-7B841811C414}
		{F46258F8-D6B7-4175-AB5D-550715865B6B} = {646F54E7-0A25-4B72-AE45-5750481065A9}
		{9AD13A15-02E7-4821-A4DA-FEC6833E71CE} = {8544F102-5282-4DFD-8CCA-7B841811C414}
		{2E008B50-A946-4296-812B-7EAD2A10F4AC} = {8544F102-5282-4DFD-8CCA-7B841811C414}
	EndGlobalSection
	GlobalSection(ExtensibilityGlobals) = postSolution
		SolutionGuid = {827E23A0-9105-45C6-97F9-7EC165F61485}
	EndGlobalSection
EndGlobal
